// !$*UTF8*$!
{
	archiveVersion = 1;
	classes = {
	};
	objectVersion = 56;
	objects = {

/* Begin PBXBuildFile section */
		DC13382E2D7EC79300DBE29D /* GlobalInitialize.swift in Sources */ = {isa = PBXBuildFile; fileRef = DC13382D2D7EC79300DBE29D /* GlobalInitialize.swift */; };
		DC1338312D7EE7E700DBE29D /* SVrpApp.swift in Sources */ = {isa = PBXBuildFile; fileRef = DC1338302D7EE7E700DBE29D /* SVrpApp.swift */; };
		DC1338342D7EE85D00DBE29D /* Utility.swift in Sources */ = {isa = PBXBuildFile; fileRef = DC1338332D7EE85D00DBE29D /* Utility.swift */; };
		DC13384D2D7EF5B300DBE29D /* libmloader.dylib in CopyFiles */ = {isa = PBXBuildFile; fileRef = DC13384A2D7EF54700DBE29D /* libmloader.dylib */; settings = {ATTRIBUTES = (CodeSignOnCopy, ); }; };
		DC20110B2D784679005FC4D2 /* MainWindow.swift in Sources */ = {isa = PBXBuildFile; fileRef = DC20110A2D784679005FC4D2 /* MainWindow.swift */; };
		DC20110D2D784697005FC4D2 /* SplashWindow.swift in Sources */ = {isa = PBXBuildFile; fileRef = DC20110C2D784697005FC4D2 /* SplashWindow.swift */; };
		DC28FA932D7640F6002BFE57 /* MLoaderApp.swift in Sources */ = {isa = PBXBuildFile; fileRef = DC28FA922D7640F6002BFE57 /* MLoaderApp.swift */; };
		DC28FA952D7640F6002BFE57 /* ContentView.swift in Sources */ = {isa = PBXBuildFile; fileRef = DC28FA942D7640F6002BFE57 /* ContentView.swift */; };
		DC28FA972D7640F9002BFE57 /* Assets.xcassets in Resources */ = {isa = PBXBuildFile; fileRef = DC28FA962D7640F9002BFE57 /* Assets.xcassets */; };
		DC28FA9A2D7640F9002BFE57 /* Preview Assets.xcassets in Resources */ = {isa = PBXBuildFile; fileRef = DC28FA992D7640F9002BFE57 /* Preview Assets.xcassets */; };
		DCA2CBFA2D7F8715005D2C7D /* libmloader.dylib in Frameworks */ = {isa = PBXBuildFile; fileRef = DC13384A2D7EF54700DBE29D /* libmloader.dylib */; };
/* End PBXBuildFile section */

/* Begin PBXContainerItemProxy section */
		DC1338492D7EF54700DBE29D /* PBXContainerItemProxy */ = {
			isa = PBXContainerItemProxy;
			containerPortal = DC1338422D7EF54700DBE29D /* libmloader.xcodeproj */;
			proxyType = 2;
			remoteGlobalIDString = 550628AF3B174FDDAD7AA904;
			remoteInfo = mloader;
		};
		DC13384B2D7EF5A600DBE29D /* PBXContainerItemProxy */ = {
			isa = PBXContainerItemProxy;
			containerPortal = DC1338422D7EF54700DBE29D /* libmloader.xcodeproj */;
			proxyType = 1;
			remoteGlobalIDString = A6445F31D37BDFEA4E06AA5F;
			remoteInfo = mloader;
		};
/* End PBXContainerItemProxy section */

/* Begin PBXCopyFilesBuildPhase section */
		DC3509B62D79E3A1009912AE /* CopyFiles */ = {
			isa = PBXCopyFilesBuildPhase;
			buildActionMask = 2147483647;
			dstPath = "";
			dstSubfolderSpec = 10;
			files = (
				DC13384D2D7EF5B300DBE29D /* libmloader.dylib in CopyFiles */,
			);
			runOnlyForDeploymentPostprocessing = 0;
		};
/* End PBXCopyFilesBuildPhase section */

/* Begin PBXFileReference section */
		DC13382D2D7EC79300DBE29D /* GlobalInitialize.swift */ = {isa = PBXFileReference; lastKnownFileType = sourcecode.swift; path = GlobalInitialize.swift; sourceTree = "<group>"; };
		DC1338302D7EE7E700DBE29D /* SVrpApp.swift */ = {isa = PBXFileReference; lastKnownFileType = sourcecode.swift; path = SVrpApp.swift; sourceTree = "<group>"; };
		DC1338332D7EE85D00DBE29D /* Utility.swift */ = {isa = PBXFileReference; lastKnownFileType = sourcecode.swift; path = Utility.swift; sourceTree = "<group>"; };
		DC1338422D7EF54700DBE29D /* libmloader.xcodeproj */ = {isa = PBXFileReference; lastKnownFileType = "wrapper.pb-project"; name = libmloader.xcodeproj; path = ../build/libmloader/libmloader.xcodeproj; sourceTree = "<group>"; };
		DC20110A2D784679005FC4D2 /* MainWindow.swift */ = {isa = PBXFileReference; lastKnownFileType = sourcecode.swift; path = MainWindow.swift; sourceTree = "<group>"; };
		DC20110C2D784697005FC4D2 /* SplashWindow.swift */ = {isa = PBXFileReference; lastKnownFileType = sourcecode.swift; path = SplashWindow.swift; sourceTree = "<group>"; };
		DC28FA8F2D7640F6002BFE57 /* MLoader.app */ = {isa = PBXFileReference; explicitFileType = wrapper.application; includeInIndex = 0; path = MLoader.app; sourceTree = BUILT_PRODUCTS_DIR; };
		DC28FA922D7640F6002BFE57 /* MLoaderApp.swift */ = {isa = PBXFileReference; lastKnownFileType = sourcecode.swift; path = MLoaderApp.swift; sourceTree = "<group>"; };
		DC28FA942D7640F6002BFE57 /* ContentView.swift */ = {isa = PBXFileReference; lastKnownFileType = sourcecode.swift; path = ContentView.swift; sourceTree = "<group>"; };
		DC28FA962D7640F9002BFE57 /* Assets.xcassets */ = {isa = PBXFileReference; lastKnownFileType = folder.assetcatalog; path = Assets.xcassets; sourceTree = "<group>"; };
		DC28FA992D7640F9002BFE57 /* Preview Assets.xcassets */ = {isa = PBXFileReference; lastKnownFileType = folder.assetcatalog; path = "Preview Assets.xcassets"; sourceTree = "<group>"; };
		DC28FA9B2D7640F9002BFE57 /* MLoader.entitlements */ = {isa = PBXFileReference; lastKnownFileType = text.plist.entitlements; path = MLoader.entitlements; sourceTree = "<group>"; };
		DCA2CBEE2D7F1E49005D2C7D /* MLoader-Bridging-Header.h */ = {isa = PBXFileReference; lastKnownFileType = sourcecode.c.h; path = "MLoader-Bridging-Header.h"; sourceTree = "<group>"; };
/* End PBXFileReference section */

/* Begin PBXFrameworksBuildPhase section */
		DC28FA8C2D7640F6002BFE57 /* Frameworks */ = {
			isa = PBXFrameworksBuildPhase;
			buildActionMask = 2147483647;
			files = (
				DCA2CBFA2D7F8715005D2C7D /* libmloader.dylib in Frameworks */,
			);
			runOnlyForDeploymentPostprocessing = 0;
		};
/* End PBXFrameworksBuildPhase section */

/* Begin PBXGroup section */
		DC13382A2D7EC4EE00DBE29D /* LibFunctions */ = {
			isa = PBXGroup;
			children = (
				DC13382D2D7EC79300DBE29D /* GlobalInitialize.swift */,
				DCA2CBEE2D7F1E49005D2C7D /* MLoader-Bridging-Header.h */,
			);
			path = LibFunctions;
			sourceTree = "<group>";
		};
		DC13382F2D7EE7CA00DBE29D /* Model */ = {
			isa = PBXGroup;
			children = (
				DC1338302D7EE7E700DBE29D /* SVrpApp.swift */,
			);
			path = Model;
			sourceTree = "<group>";
		};
		DC1338322D7EE84B00DBE29D /* Utility */ = {
			isa = PBXGroup;
			children = (
				DC1338332D7EE85D00DBE29D /* Utility.swift */,
			);
			path = Utility;
			sourceTree = "<group>";
		};
		DC1338432D7EF54700DBE29D /* Products */ = {
			isa = PBXGroup;
			children = (
				DC13384A2D7EF54700DBE29D /* libmloader.dylib */,
			);
			name = Products;
			sourceTree = "<group>";
		};
		DC2011492D78830B005FC4D2 /* Lib */ = {
			isa = PBXGroup;
			children = (
				DC1338422D7EF54700DBE29D /* libmloader.xcodeproj */,
			);
			name = Lib;
			sourceTree = "<group>";
		};
		DC28FA862D7640F6002BFE57 = {
			isa = PBXGroup;
			children = (
				DC28FA912D7640F6002BFE57 /* MLoader */,
				DC28FA902D7640F6002BFE57 /* Products */,
				DC2011492D78830B005FC4D2 /* Lib */,
				DCA2CBF62D7F8715005D2C7D /* Frameworks */,
			);
			sourceTree = "<group>";
		};
		DC28FA902D7640F6002BFE57 /* Products */ = {
			isa = PBXGroup;
			children = (
				DC28FA8F2D7640F6002BFE57 /* MLoader.app */,
			);
			name = Products;
			sourceTree = "<group>";
		};
		DC28FA912D7640F6002BFE57 /* MLoader */ = {
			isa = PBXGroup;
			children = (
				DC1338322D7EE84B00DBE29D /* Utility */,
				DC13382F2D7EE7CA00DBE29D /* Model */,
				DC13382A2D7EC4EE00DBE29D /* LibFunctions */,
				DC28FA922D7640F6002BFE57 /* MLoaderApp.swift */,
				DC28FA942D7640F6002BFE57 /* ContentView.swift */,
				DC20110A2D784679005FC4D2 /* MainWindow.swift */,
				DC20110C2D784697005FC4D2 /* SplashWindow.swift */,
				DC28FA962D7640F9002BFE57 /* Assets.xcassets */,
				DC28FA9B2D7640F9002BFE57 /* MLoader.entitlements */,
				DC28FA982D7640F9002BFE57 /* Preview Content */,
			);
			path = MLoader;
			sourceTree = "<group>";
		};
		DC28FA982D7640F9002BFE57 /* Preview Content */ = {
			isa = PBXGroup;
			children = (
				DC28FA992D7640F9002BFE57 /* Preview Assets.xcassets */,
			);
			path = "Preview Content";
			sourceTree = "<group>";
		};
		DCA2CBF62D7F8715005D2C7D /* Frameworks */ = {
			isa = PBXGroup;
			children = (
			);
			name = Frameworks;
			sourceTree = "<group>";
		};
/* End PBXGroup section */

/* Begin PBXNativeTarget section */
		DC28FA8E2D7640F6002BFE57 /* MLoader */ = {
			isa = PBXNativeTarget;
			buildConfigurationList = DC28FA9E2D7640F9002BFE57 /* Build configuration list for PBXNativeTarget "MLoader" */;
			buildPhases = (
				DC28FA8B2D7640F6002BFE57 /* Sources */,
				DC28FA8C2D7640F6002BFE57 /* Frameworks */,
				DC28FA8D2D7640F6002BFE57 /* Resources */,
				DC3509B62D79E3A1009912AE /* CopyFiles */,
			);
			buildRules = (
			);
			dependencies = (
				DC13384C2D7EF5A600DBE29D /* PBXTargetDependency */,
			);
			name = MLoader;
			productName = MLoader;
			productReference = DC28FA8F2D7640F6002BFE57 /* MLoader.app */;
			productType = "com.apple.product-type.application";
		};
/* End PBXNativeTarget section */

/* Begin PBXProject section */
		DC28FA872D7640F6002BFE57 /* Project object */ = {
			isa = PBXProject;
			attributes = {
				BuildIndependentTargetsInParallel = 1;
				LastSwiftUpdateCheck = 1420;
				LastUpgradeCheck = 1420;
				TargetAttributes = {
					DC28FA8E2D7640F6002BFE57 = {
						CreatedOnToolsVersion = 14.2;
						LastSwiftMigration = 1420;
					};
				};
			};
			buildConfigurationList = DC28FA8A2D7640F6002BFE57 /* Build configuration list for PBXProject "MLoader" */;
			compatibilityVersion = "Xcode 14.0";
			developmentRegion = en;
			hasScannedForEncodings = 0;
			knownRegions = (
				en,
				Base,
			);
			mainGroup = DC28FA862D7640F6002BFE57;
			productRefGroup = DC28FA902D7640F6002BFE57 /* Products */;
			projectDirPath = "";
			projectReferences = (
				{
					ProductGroup = DC1338432D7EF54700DBE29D /* Products */;
					ProjectRef = DC1338422D7EF54700DBE29D /* libmloader.xcodeproj */;
				},
			);
			projectRoot = "";
			targets = (
				DC28FA8E2D7640F6002BFE57 /* MLoader */,
			);
		};
/* End PBXProject section */

/* Begin PBXReferenceProxy section */
		DC13384A2D7EF54700DBE29D /* libmloader.dylib */ = {
			isa = PBXReferenceProxy;
			fileType = "compiled.mach-o.dylib";
			path = libmloader.dylib;
			remoteRef = DC1338492D7EF54700DBE29D /* PBXContainerItemProxy */;
			sourceTree = BUILT_PRODUCTS_DIR;
		};
/* End PBXReferenceProxy section */

/* Begin PBXResourcesBuildPhase section */
		DC28FA8D2D7640F6002BFE57 /* Resources */ = {
			isa = PBXResourcesBuildPhase;
			buildActionMask = 2147483647;
			files = (
				DC28FA9A2D7640F9002BFE57 /* Preview Assets.xcassets in Resources */,
				DC28FA972D7640F9002BFE57 /* Assets.xcassets in Resources */,
			);
			runOnlyForDeploymentPostprocessing = 0;
		};
/* End PBXResourcesBuildPhase section */

/* Begin PBXSourcesBuildPhase section */
		DC28FA8B2D7640F6002BFE57 /* Sources */ = {
			isa = PBXSourcesBuildPhase;
			buildActionMask = 2147483647;
			files = (
				DC20110D2D784697005FC4D2 /* SplashWindow.swift in Sources */,
				DC1338312D7EE7E700DBE29D /* SVrpApp.swift in Sources */,
				DC1338342D7EE85D00DBE29D /* Utility.swift in Sources */,
				DC28FA952D7640F6002BFE57 /* ContentView.swift in Sources */,
				DC20110B2D784679005FC4D2 /* MainWindow.swift in Sources */,
				DC13382E2D7EC79300DBE29D /* GlobalInitialize.swift in Sources */,
				DC28FA932D7640F6002BFE57 /* MLoaderApp.swift in Sources */,
			);
			runOnlyForDeploymentPostprocessing = 0;
		};
/* End PBXSourcesBuildPhase section */

/* Begin PBXTargetDependency section */
		DC13384C2D7EF5A600DBE29D /* PBXTargetDependency */ = {
			isa = PBXTargetDependency;
			name = mloader;
			targetProxy = DC13384B2D7EF5A600DBE29D /* PBXContainerItemProxy */;
		};
/* End PBXTargetDependency section */

/* Begin XCBuildConfiguration section */
		DC28FA9C2D7640F9002BFE57 /* Debug */ = {
			isa = XCBuildConfiguration;
			buildSettings = {
				ALWAYS_SEARCH_USER_PATHS = NO;
				CLANG_ANALYZER_NONNULL = YES;
				CLANG_ANALYZER_NUMBER_OBJECT_CONVERSION = YES_AGGRESSIVE;
				CLANG_CXX_LANGUAGE_STANDARD = "gnu++20";
				CLANG_ENABLE_MODULES = YES;
				CLANG_ENABLE_OBJC_ARC = YES;
				CLANG_ENABLE_OBJC_WEAK = YES;
				CLANG_WARN_BLOCK_CAPTURE_AUTORELEASING = YES;
				CLANG_WARN_BOOL_CONVERSION = YES;
				CLANG_WARN_COMMA = YES;
				CLANG_WARN_CONSTANT_CONVERSION = YES;
				CLANG_WARN_DEPRECATED_OBJC_IMPLEMENTATIONS = YES;
				CLANG_WARN_DIRECT_OBJC_ISA_USAGE = YES_ERROR;
				CLANG_WARN_DOCUMENTATION_COMMENTS = YES;
				CLANG_WARN_EMPTY_BODY = YES;
				CLANG_WARN_ENUM_CONVERSION = YES;
				CLANG_WARN_INFINITE_RECURSION = YES;
				CLANG_WARN_INT_CONVERSION = YES;
				CLANG_WARN_NON_LITERAL_NULL_CONVERSION = YES;
				CLANG_WARN_OBJC_IMPLICIT_RETAIN_SELF = YES;
				CLANG_WARN_OBJC_LITERAL_CONVERSION = YES;
				CLANG_WARN_OBJC_ROOT_CLASS = YES_ERROR;
				CLANG_WARN_QUOTED_INCLUDE_IN_FRAMEWORK_HEADER = YES;
				CLANG_WARN_RANGE_LOOP_ANALYSIS = YES;
				CLANG_WARN_STRICT_PROTOTYPES = YES;
				CLANG_WARN_SUSPICIOUS_MOVE = YES;
				CLANG_WARN_UNGUARDED_AVAILABILITY = YES_AGGRESSIVE;
				CLANG_WARN_UNREACHABLE_CODE = YES;
				CLANG_WARN__DUPLICATE_METHOD_MATCH = YES;
				COPY_PHASE_STRIP = NO;
				DEBUG_INFORMATION_FORMAT = dwarf;
				ENABLE_STRICT_OBJC_MSGSEND = YES;
				ENABLE_TESTABILITY = YES;
				GCC_C_LANGUAGE_STANDARD = gnu11;
				GCC_DYNAMIC_NO_PIC = NO;
				GCC_NO_COMMON_BLOCKS = YES;
				GCC_OPTIMIZATION_LEVEL = 0;
				GCC_PREPROCESSOR_DEFINITIONS = (
					"DEBUG=1",
					"$(inherited)",
				);
				GCC_WARN_64_TO_32_BIT_CONVERSION = YES;
				GCC_WARN_ABOUT_RETURN_TYPE = YES_ERROR;
				GCC_WARN_UNDECLARED_SELECTOR = YES;
				GCC_WARN_UNINITIALIZED_AUTOS = YES_AGGRESSIVE;
				GCC_WARN_UNUSED_FUNCTION = YES;
				GCC_WARN_UNUSED_VARIABLE = YES;
				MACOSX_DEPLOYMENT_TARGET = 12.7;
				MTL_ENABLE_DEBUG_INFO = INCLUDE_SOURCE;
				MTL_FAST_MATH = YES;
				ONLY_ACTIVE_ARCH = YES;
				SDKROOT = macosx;
				SWIFT_ACTIVE_COMPILATION_CONDITIONS = DEBUG;
				SWIFT_OPTIMIZATION_LEVEL = "-Onone";
			};
			name = Debug;
		};
		DC28FA9D2D7640F9002BFE57 /* Release */ = {
			isa = XCBuildConfiguration;
			buildSettings = {
				ALWAYS_SEARCH_USER_PATHS = NO;
				CLANG_ANALYZER_NONNULL = YES;
				CLANG_ANALYZER_NUMBER_OBJECT_CONVERSION = YES_AGGRESSIVE;
				CLANG_CXX_LANGUAGE_STANDARD = "gnu++20";
				CLANG_ENABLE_MODULES = YES;
				CLANG_ENABLE_OBJC_ARC = YES;
				CLANG_ENABLE_OBJC_WEAK = YES;
				CLANG_WARN_BLOCK_CAPTURE_AUTORELEASING = YES;
				CLANG_WARN_BOOL_CONVERSION = YES;
				CLANG_WARN_COMMA = YES;
				CLANG_WARN_CONSTANT_CONVERSION = YES;
				CLANG_WARN_DEPRECATED_OBJC_IMPLEMENTATIONS = YES;
				CLANG_WARN_DIRECT_OBJC_ISA_USAGE = YES_ERROR;
				CLANG_WARN_DOCUMENTATION_COMMENTS = YES;
				CLANG_WARN_EMPTY_BODY = YES;
				CLANG_WARN_ENUM_CONVERSION = YES;
				CLANG_WARN_INFINITE_RECURSION = YES;
				CLANG_WARN_INT_CONVERSION = YES;
				CLANG_WARN_NON_LITERAL_NULL_CONVERSION = YES;
				CLANG_WARN_OBJC_IMPLICIT_RETAIN_SELF = YES;
				CLANG_WARN_OBJC_LITERAL_CONVERSION = YES;
				CLANG_WARN_OBJC_ROOT_CLASS = YES_ERROR;
				CLANG_WARN_QUOTED_INCLUDE_IN_FRAMEWORK_HEADER = YES;
				CLANG_WARN_RANGE_LOOP_ANALYSIS = YES;
				CLANG_WARN_STRICT_PROTOTYPES = YES;
				CLANG_WARN_SUSPICIOUS_MOVE = YES;
				CLANG_WARN_UNGUARDED_AVAILABILITY = YES_AGGRESSIVE;
				CLANG_WARN_UNREACHABLE_CODE = YES;
				CLANG_WARN__DUPLICATE_METHOD_MATCH = YES;
				COPY_PHASE_STRIP = NO;
				DEBUG_INFORMATION_FORMAT = "dwarf-with-dsym";
				ENABLE_NS_ASSERTIONS = NO;
				ENABLE_STRICT_OBJC_MSGSEND = YES;
				GCC_C_LANGUAGE_STANDARD = gnu11;
				GCC_NO_COMMON_BLOCKS = YES;
				GCC_WARN_64_TO_32_BIT_CONVERSION = YES;
				GCC_WARN_ABOUT_RETURN_TYPE = YES_ERROR;
				GCC_WARN_UNDECLARED_SELECTOR = YES;
				GCC_WARN_UNINITIALIZED_AUTOS = YES_AGGRESSIVE;
				GCC_WARN_UNUSED_FUNCTION = YES;
				GCC_WARN_UNUSED_VARIABLE = YES;
				MACOSX_DEPLOYMENT_TARGET = 12.7;
				MTL_ENABLE_DEBUG_INFO = NO;
				MTL_FAST_MATH = YES;
				SDKROOT = macosx;
				SWIFT_COMPILATION_MODE = wholemodule;
				SWIFT_OPTIMIZATION_LEVEL = "-O";
			};
			name = Release;
		};
		DC28FA9F2D7640F9002BFE57 /* Debug */ = {
			isa = XCBuildConfiguration;
			buildSettings = {
				ASSETCATALOG_COMPILER_APPICON_NAME = AppIcon;
				ASSETCATALOG_COMPILER_GLOBAL_ACCENT_COLOR_NAME = AccentColor;
				CLANG_ENABLE_MODULES = YES;
				CODE_SIGN_ENTITLEMENTS = MLoader/MLoader.entitlements;
				CODE_SIGN_STYLE = Automatic;
				COMBINE_HIDPI_IMAGES = YES;
				CURRENT_PROJECT_VERSION = 1;
				DEVELOPMENT_ASSET_PATHS = "\"MLoader/Preview Content\"";
				ENABLE_PREVIEWS = YES;
				GENERATE_INFOPLIST_FILE = YES;
				INFOPLIST_KEY_CFBundleDisplayName = MLoader;
				INFOPLIST_KEY_LSApplicationCategoryType = "public.app-category.utilities";
				INFOPLIST_KEY_NSHumanReadableCopyright = "";
				LD_RUNPATH_SEARCH_PATHS = (
					"$(inherited)",
					"@executable_path/../Frameworks",
				);
				LIBRARY_SEARCH_PATHS = /Users/filip/Projects/mloader/build/libmloader/Debug/;
				MARKETING_VERSION = 1.0;
				PRODUCT_BUNDLE_IDENTIFIER = com.github.mlogic1.MLoader;
				PRODUCT_NAME = "$(TARGET_NAME)";
				SWIFT_EMIT_LOC_STRINGS = YES;
				SWIFT_OBJC_BRIDGING_HEADER = "MLoader/LibFunctions/MLoader-Bridging-Header.h";
				SWIFT_OPTIMIZATION_LEVEL = "-Onone";
				SWIFT_VERSION = 5.0;
			};
			name = Debug;
		};
		DC28FAA02D7640F9002BFE57 /* Release */ = {
			isa = XCBuildConfiguration;
			buildSettings = {
				ASSETCATALOG_COMPILER_APPICON_NAME = AppIcon;
				ASSETCATALOG_COMPILER_GLOBAL_ACCENT_COLOR_NAME = AccentColor;
				CLANG_ENABLE_MODULES = YES;
				CODE_SIGN_ENTITLEMENTS = MLoader/MLoader.entitlements;
				CODE_SIGN_STYLE = Automatic;
				COMBINE_HIDPI_IMAGES = YES;
				CURRENT_PROJECT_VERSION = 1;
				DEVELOPMENT_ASSET_PATHS = "\"MLoader/Preview Content\"";
				ENABLE_PREVIEWS = YES;
				GENERATE_INFOPLIST_FILE = YES;
				INFOPLIST_KEY_CFBundleDisplayName = MLoader;
				INFOPLIST_KEY_LSApplicationCategoryType = "public.app-category.utilities";
				INFOPLIST_KEY_NSHumanReadableCopyright = "";
				LD_RUNPATH_SEARCH_PATHS = (
					"$(inherited)",
					"@executable_path/../Frameworks",
				);
				LIBRARY_SEARCH_PATHS = /Users/filip/Projects/mloader/build/libmloader/Debug/;
				MARKETING_VERSION = 1.0;
				PRODUCT_BUNDLE_IDENTIFIER = com.github.mlogic1.MLoader;
				PRODUCT_NAME = "$(TARGET_NAME)";
				SWIFT_EMIT_LOC_STRINGS = YES;
				SWIFT_OBJC_BRIDGING_HEADER = "MLoader/LibFunctions/MLoader-Bridging-Header.h";
				SWIFT_VERSION = 5.0;
			};
			name = Release;
		};
/* End XCBuildConfiguration section */

/* Begin XCConfigurationList section */
		DC28FA8A2D7640F6002BFE57 /* Build configuration list for PBXProject "MLoader" */ = {
			isa = XCConfigurationList;
			buildConfigurations = (
				DC28FA9C2D7640F9002BFE57 /* Debug */,
				DC28FA9D2D7640F9002BFE57 /* Release */,
			);
			defaultConfigurationIsVisible = 0;
			defaultConfigurationName = Release;
		};
		DC28FA9E2D7640F9002BFE57 /* Build configuration list for PBXNativeTarget "MLoader" */ = {
			isa = XCConfigurationList;
			buildConfigurations = (
				DC28FA9F2D7640F9002BFE57 /* Debug */,
				DC28FAA02D7640F9002BFE57 /* Release */,
			);
			defaultConfigurationIsVisible = 0;
			defaultConfigurationName = Release;
		};
/* End XCConfigurationList section */
	};
	rootObject = DC28FA872D7640F6002BFE57 /* Project object */;
}
